// !$*UTF8*$!
{
	archiveVersion = 1;
	classes = {
	};
	objectVersion = 46;
	objects = {

/* Begin PBXBuildFile section */
		4D82F7BF1A3A1BE5004CF358 /* AppDelegate.swift in Sources */ = {isa = PBXBuildFile; fileRef = 4D82F7BE1A3A1BE5004CF358 /* AppDelegate.swift */; };
		4D82F7C11A3A1BE5004CF358 /* ViewController.swift in Sources */ = {isa = PBXBuildFile; fileRef = 4D82F7C01A3A1BE5004CF358 /* ViewController.swift */; };
		4D82F7C41A3A1BE5004CF358 /* Main.storyboard in Resources */ = {isa = PBXBuildFile; fileRef = 4D82F7C21A3A1BE5004CF358 /* Main.storyboard */; };
		4D82F7C61A3A1BE5004CF358 /* Images.xcassets in Resources */ = {isa = PBXBuildFile; fileRef = 4D82F7C51A3A1BE5004CF358 /* Images.xcassets */; };
		4D82F7C91A3A1BE5004CF358 /* LaunchScreen.xib in Resources */ = {isa = PBXBuildFile; fileRef = 4D82F7C71A3A1BE5004CF358 /* LaunchScreen.xib */; };
		4D82F7D51A3A1BE6004CF358 /* TheTigerTests.swift in Sources */ = {isa = PBXBuildFile; fileRef = 4D82F7D41A3A1BE6004CF358 /* TheTigerTests.swift */; };
/* End PBXBuildFile section */

/* Begin PBXContainerItemProxy section */
		4D82F7CF1A3A1BE5004CF358 /* PBXContainerItemProxy */ = {
			isa = PBXContainerItemProxy;
			containerPortal = 4D82F7B11A3A1BE5004CF358 /* Project object */;
			proxyType = 1;
			remoteGlobalIDString = 4D82F7B81A3A1BE5004CF358;
			remoteInfo = TheTiger;
		};
/* End PBXContainerItemProxy section */

/* Begin PBXFileReference section */
		4D82F7B91A3A1BE5004CF358 /* TheTiger.app */ = {isa = PBXFileReference; explicitFileType = wrapper.application; includeInIndex = 0; path = TheTiger.app; sourceTree = BUILT_PRODUCTS_DIR; };
		4D82F7BD1A3A1BE5004CF358 /* Info.plist */ = {isa = PBXFileReference; lastKnownFileType = text.plist.xml; path = Info.plist; sourceTree = "<group>"; };
		4D82F7BE1A3A1BE5004CF358 /* AppDelegate.swift */ = {isa = PBXFileReference; lastKnownFileType = sourcecode.swift; path = AppDelegate.swift; sourceTree = "<group>"; };
		4D82F7C01A3A1BE5004CF358 /* ViewController.swift */ = {isa = PBXFileReference; lastKnownFileType = sourcecode.swift; path = ViewController.swift; sourceTree = "<group>"; };
		4D82F7C31A3A1BE5004CF358 /* Base */ = {isa = PBXFileReference; lastKnownFileType = file.storyboard; name = Base; path = Base.lproj/Main.storyboard; sourceTree = "<group>"; };
		4D82F7C51A3A1BE5004CF358 /* Images.xcassets */ = {isa = PBXFileReference; lastKnownFileType = folder.assetcatalog; path = Images.xcassets; sourceTree = "<group>"; };
		4D82F7C81A3A1BE5004CF358 /* Base */ = {isa = PBXFileReference; lastKnownFileType = file.xib; name = Base; path = Base.lproj/LaunchScreen.xib; sourceTree = "<group>"; };
		4D82F7CE1A3A1BE5004CF358 /* TheTigerTests.xctest */ = {isa = PBXFileReference; explicitFileType = wrapper.cfbundle; includeInIndex = 0; path = TheTigerTests.xctest; sourceTree = BUILT_PRODUCTS_DIR; };
		4D82F7D31A3A1BE6004CF358 /* Info.plist */ = {isa = PBXFileReference; lastKnownFileType = text.plist.xml; path = Info.plist; sourceTree = "<group>"; };
		4D82F7D41A3A1BE6004CF358 /* TheTigerTests.swift */ = {isa = PBXFileReference; lastKnownFileType = sourcecode.swift; path = TheTigerTests.swift; sourceTree = "<group>"; };
/* End PBXFileReference section */

/* Begin PBXFrameworksBuildPhase section */
		4D82F7B61A3A1BE5004CF358 /* Frameworks */ = {
			isa = PBXFrameworksBuildPhase;
			buildActionMask = 2147483647;
			files = (
			);
			runOnlyForDeploymentPostprocessing = 0;
		};
		4D82F7CB1A3A1BE5004CF358 /* Frameworks */ = {
			isa = PBXFrameworksBuildPhase;
			buildActionMask = 2147483647;
			files = (
			);
			runOnlyForDeploymentPostprocessing = 0;
		};
/* End PBXFrameworksBuildPhase section */

/* Begin PBXGroup section */
		4D82F7B01A3A1BE5004CF358 = {
			isa = PBXGroup;
			children = (
				4D82F7BB1A3A1BE5004CF358 /* TheTiger */,
				4D82F7D11A3A1BE6004CF358 /* TheTigerTests */,
				4D82F7BA1A3A1BE5004CF358 /* Products */,
			);
			sourceTree = "<group>";
		};
		4D82F7BA1A3A1BE5004CF358 /* Products */ = {
			isa = PBXGroup;
			children = (
				4D82F7B91A3A1BE5004CF358 /* TheTiger.app */,
				4D82F7CE1A3A1BE5004CF358 /* TheTigerTests.xctest */,
			);
			name = Products;
			sourceTree = "<group>";
		};
		4D82F7BB1A3A1BE5004CF358 /* TheTiger */ = {
			isa = PBXGroup;
			children = (
				4D82F7BE1A3A1BE5004CF358 /* AppDelegate.swift */,
				4D82F7C01A3A1BE5004CF358 /* ViewController.swift */,
				4D82F7C21A3A1BE5004CF358 /* Main.storyboard */,
				4D82F7C51A3A1BE5004CF358 /* Images.xcassets */,
				4D82F7C71A3A1BE5004CF358 /* LaunchScreen.xib */,
				4D82F7BC1A3A1BE5004CF358 /* Supporting Files */,
			);
			path = TheTiger;
			sourceTree = "<group>";
		};
		4D82F7BC1A3A1BE5004CF358 /* Supporting Files */ = {
			isa = PBXGroup;
			children = (
				4D82F7BD1A3A1BE5004CF358 /* Info.plist */,
			);
			name = "Supporting Files";
			sourceTree = "<group>";
		};
		4D82F7D11A3A1BE6004CF358 /* TheTigerTests */ = {
			isa = PBXGroup;
			children = (
				4D82F7D41A3A1BE6004CF358 /* TheTigerTests.swift */,
				4D82F7D21A3A1BE6004CF358 /* Supporting Files */,
			);
			path = TheTigerTests;
			sourceTree = "<group>";
		};
		4D82F7D21A3A1BE6004CF358 /* Supporting Files */ = {
			isa = PBXGroup;
			children = (
				4D82F7D31A3A1BE6004CF358 /* Info.plist */,
			);
			name = "Supporting Files";
			sourceTree = "<group>";
		};
/* End PBXGroup section */

/* Begin PBXNativeTarget section */
		4D82F7B81A3A1BE5004CF358 /* TheTiger */ = {
			isa = PBXNativeTarget;
			buildConfigurationList = 4D82F7D81A3A1BE6004CF358 /* Build configuration list for PBXNativeTarget "TheTiger" */;
			buildPhases = (
				4D82F7B51A3A1BE5004CF358 /* Sources */,
				4D82F7B61A3A1BE5004CF358 /* Frameworks */,
				4D82F7B71A3A1BE5004CF358 /* Resources */,
			);
			buildRules = (
			);
			dependencies = (
			);
			name = TheTiger;
			productName = TheTiger;
			productReference = 4D82F7B91A3A1BE5004CF358 /* TheTiger.app */;
			productType = "com.apple.product-type.application";
		};
		4D82F7CD1A3A1BE5004CF358 /* TheTigerTests */ = {
			isa = PBXNativeTarget;
			buildConfigurationList = 4D82F7DB1A3A1BE6004CF358 /* Build configuration list for PBXNativeTarget "TheTigerTests" */;
			buildPhases = (
				4D82F7CA1A3A1BE5004CF358 /* Sources */,
				4D82F7CB1A3A1BE5004CF358 /* Frameworks */,
				4D82F7CC1A3A1BE5004CF358 /* Resources */,
			);
			buildRules = (
			);
			dependencies = (
				4D82F7D01A3A1BE5004CF358 /* PBXTargetDependency */,
			);
			name = TheTigerTests;
			productName = TheTigerTests;
			productReference = 4D82F7CE1A3A1BE5004CF358 /* TheTigerTests.xctest */;
			productType = "com.apple.product-type.bundle.unit-test";
		};
/* End PBXNativeTarget section */

/* Begin PBXProject section */
		4D82F7B11A3A1BE5004CF358 /* Project object */ = {
			isa = PBXProject;
			attributes = {
				LastSwiftUpdateCheck = 0700;
				LastUpgradeCheck = 0730;
				ORGANIZATIONNAME = Udacity;
				TargetAttributes = {
					4D82F7B81A3A1BE5004CF358 = {
						CreatedOnToolsVersion = 6.1.1;
					};
					4D82F7CD1A3A1BE5004CF358 = {
						CreatedOnToolsVersion = 6.1.1;
						TestTargetID = 4D82F7B81A3A1BE5004CF358;
					};
				};
			};
			buildConfigurationList = 4D82F7B41A3A1BE5004CF358 /* Build configuration list for PBXProject "TheTiger" */;
			compatibilityVersion = "Xcode 3.2";
			developmentRegion = English;
			hasScannedForEncodings = 0;
			knownRegions = (
				en,
				Base,
			);
			mainGroup = 4D82F7B01A3A1BE5004CF358;
			productRefGroup = 4D82F7BA1A3A1BE5004CF358 /* Products */;
			projectDirPath = "";
			projectRoot = "";
			targets = (
				4D82F7B81A3A1BE5004CF358 /* TheTiger */,
				4D82F7CD1A3A1BE5004CF358 /* TheTigerTests */,
			);
		};
/* End PBXProject section */

/* Begin PBXResourcesBuildPhase section */
		4D82F7B71A3A1BE5004CF358 /* Resources */ = {
			isa = PBXResourcesBuildPhase;
			buildActionMask = 2147483647;
			files = (
				4D82F7C41A3A1BE5004CF358 /* Main.storyboard in Resources */,
				4D82F7C91A3A1BE5004CF358 /* LaunchScreen.xib in Resources */,
				4D82F7C61A3A1BE5004CF358 /* Images.xcassets in Resources */,
			);
			runOnlyForDeploymentPostprocessing = 0;
		};
		4D82F7CC1A3A1BE5004CF358 /* Resources */ = {
			isa = PBXResourcesBuildPhase;
			buildActionMask = 2147483647;
			files = (
			);
			runOnlyForDeploymentPostprocessing = 0;
		};
/* End PBXResourcesBuildPhase section */

/* Begin PBXSourcesBuildPhase section */
		4D82F7B51A3A1BE5004CF358 /* Sources */ = {
			isa = PBXSourcesBuildPhase;
			buildActionMask = 2147483647;
			files = (
				4D82F7C11A3A1BE5004CF358 /* ViewController.swift in Sources */,
				4D82F7BF1A3A1BE5004CF358 /* AppDelegate.swift in Sources */,
			);
			runOnlyForDeploymentPostprocessing = 0;
		};
		4D82F7CA1A3A1BE5004CF358 /* Sources */ = {
			isa = PBXSourcesBuildPhase;
			buildActionMask = 2147483647;
			files = (
				4D82F7D51A3A1BE6004CF358 /* TheTigerTests.swift in Sources */,
			);
			runOnlyForDeploymentPostprocessing = 0;
		};
/* End PBXSourcesBuildPhase section */

/* Begin PBXTargetDependency section */
		4D82F7D01A3A1BE5004CF358 /* PBXTargetDependency */ = {
			isa = PBXTargetDependency;
			target = 4D82F7B81A3A1BE5004CF358 /* TheTiger */;
			targetProxy = 4D82F7CF1A3A1BE5004CF358 /* PBXContainerItemProxy */;
		};
/* End PBXTargetDependency section */

/* Begin PBXVariantGroup section */
		4D82F7C21A3A1BE5004CF358 /* Main.storyboard */ = {
			isa = PBXVariantGroup;
			children = (
				4D82F7C31A3A1BE5004CF358 /* Base */,
			);
			name = Main.storyboard;
			sourceTree = "<group>";
		};
		4D82F7C71A3A1BE5004CF358 /* LaunchScreen.xib */ = {
			isa = PBXVariantGroup;
			children = (
				4D82F7C81A3A1BE5004CF358 /* Base */,
			);
			name = LaunchScreen.xib;
			sourceTree = "<group>";
		};
/* End PBXVariantGroup section */

/* Begin XCBuildConfiguration section */
		4D82F7D61A3A1BE6004CF358 /* Debug */ = {
			isa = XCBuildConfiguration;
			buildSettings = {
				ALWAYS_SEARCH_USER_PATHS = NO;
				CLANG_CXX_LANGUAGE_STANDARD = "gnu++0x";
				CLANG_CXX_LIBRARY = "libc++";
				CLANG_ENABLE_MODULES = YES;
				CLANG_ENABLE_OBJC_ARC = YES;
				CLANG_WARN_BOOL_CONVERSION = YES;
				CLANG_WARN_CONSTANT_CONVERSION = YES;
				CLANG_WARN_DIRECT_OBJC_ISA_USAGE = YES_ERROR;
				CLANG_WARN_EMPTY_BODY = YES;
				CLANG_WARN_ENUM_CONVERSION = YES;
				CLANG_WARN_INT_CONVERSION = YES;
				CLANG_WARN_OBJC_ROOT_CLASS = YES_ERROR;
				CLANG_WARN_UNREACHABLE_CODE = YES;
				CLANG_WARN__DUPLICATE_METHOD_MATCH = YES;
				"CODE_SIGN_IDENTITY[sdk=iphoneos*]" = "iPhone Developer";
				COPY_PHASE_STRIP = NO;
				ENABLE_STRICT_OBJC_MSGSEND = YES;
				ENABLE_TESTABILITY = YES;
				GCC_C_LANGUAGE_STANDARD = gnu99;
				GCC_DYNAMIC_NO_PIC = NO;
				GCC_OPTIMIZATION_LEVEL = 0;
				GCC_PREPROCESSOR_DEFINITIONS = (
					"DEBUG=1",
					"$(inherited)",
				);
				GCC_SYMBOLS_PRIVATE_EXTERN = NO;
				GCC_WARN_64_TO_32_BIT_CONVERSION = YES;
				GCC_WARN_ABOUT_RETURN_TYPE = YES_ERROR;
				GCC_WARN_UNDECLARED_SELECTOR = YES;
				GCC_WARN_UNINITIALIZED_AUTOS = YES_AGGRESSIVE;
				GCC_WARN_UNUSED_FUNCTION = YES;
				GCC_WARN_UNUSED_VARIABLE = YES;
				IPHONEOS_DEPLOYMENT_TARGET = 8.1;
				MTL_ENABLE_DEBUG_INFO = YES;
				ONLY_ACTIVE_ARCH = YES;
				SDKROOT = iphoneos;
				SWIFT_OPTIMIZATION_LEVEL = "-Onone";
			};
			name = Debug;
		};
		4D82F7D71A3A1BE6004CF358 /* Release */ = {
			isa = XCBuildConfiguration;
			buildSettings = {
				ALWAYS_SEARCH_USER_PATHS = NO;
				CLANG_CXX_LANGUAGE_STANDARD = "gnu++0x";
				CLANG_CXX_LIBRARY = "libc++";
				CLANG_ENABLE_MODULES = YES;
				CLANG_ENABLE_OBJC_ARC = YES;
				CLANG_WARN_BOOL_CONVERSION = YES;
				CLANG_WARN_CONSTANT_CONVERSION = YES;
				CLANG_WARN_DIRECT_OBJC_ISA_USAGE = YES_ERROR;
				CLANG_WARN_EMPTY_BODY = YES;
				CLANG_WARN_ENUM_CONVERSION = YES;
				CLANG_WARN_INT_CONVERSION = YES;
				CLANG_WARN_OBJC_ROOT_CLASS = YES_ERROR;
				CLANG_WARN_UNREACHABLE_CODE = YES;
				CLANG_WARN__DUPLICATE_METHOD_MATCH = YES;
				"CODE_SIGN_IDENTITY[sdk=iphoneos*]" = "iPhone Developer";
				COPY_PHASE_STRIP = YES;
				ENABLE_NS_ASSERTIONS = NO;
				ENABLE_STRICT_OBJC_MSGSEND = YES;
				GCC_C_LANGUAGE_STANDARD = gnu99;
				GCC_WARN_64_TO_32_BIT_CONVERSION = YES;
				GCC_WARN_ABOUT_RETURN_TYPE = YES_ERROR;
				GCC_WARN_UNDECLARED_SELECTOR = YES;
				GCC_WARN_UNINITIALIZED_AUTOS = YES_AGGRESSIVE;
				GCC_WARN_UNUSED_FUNCTION = YES;
				GCC_WARN_UNUSED_VARIABLE = YES;
				IPHONEOS_DEPLOYMENT_TARGET = 8.1;
				MTL_ENABLE_DEBUG_INFO = NO;
				SDKROOT = iphoneos;
				VALIDATE_PRODUCT = YES;
			};
			name = Release;
		};
		4D82F7D91A3A1BE6004CF358 /* Debug */ = {
			isa = XCBuildConfiguration;
			buildSettings = {
				ASSETCATALOG_COMPILER_APPICON_NAME = AppIcon;
				INFOPLIST_FILE = TheTiger/Info.plist;
				LD_RUNPATH_SEARCH_PATHS = "$(inherited) @executable_path/Frameworks";
				PRODUCT_BUNDLE_IDENTIFIER = "com.udacity.$(PRODUCT_NAME:rfc1034identifier)";
				PRODUCT_NAME = "$(TARGET_NAME)";
			};
			name = Debug;
		};
		4D82F7DA1A3A1BE6004CF358 /* Release */ = {
			isa = XCBuildConfiguration;
			buildSettings = {
				ASSETCATALOG_COMPILER_APPICON_NAME = AppIcon;
				INFOPLIST_FILE = TheTiger/Info.plist;
				LD_RUNPATH_SEARCH_PATHS = "$(inherited) @executable_path/Frameworks";
				PRODUCT_BUNDLE_IDENTIFIER = "com.udacity.$(PRODUCT_NAME:rfc1034identifier)";
				PRODUCT_NAME = "$(TARGET_NAME)";
			};
			name = Release;
		};
		4D82F7DC1A3A1BE6004CF358 /* Debug */ = {
			isa = XCBuildConfiguration;
			buildSettings = {
				BUNDLE_LOADER = "$(TEST_HOST)";
				FRAMEWORK_SEARCH_PATHS = (
					"$(SDKROOT)/Developer/Library/Frameworks",
					"$(inherited)",
				);
				GCC_PREPROCESSOR_DEFINITIONS = (
					"DEBUG=1",
					"$(inherited)",
				);
				INFOPLIST_FILE = TheTigerTests/Info.plist;
				LD_RUNPATH_SEARCH_PATHS = "$(inherited) @executable_path/Frameworks @loader_path/Frameworks";
				PRODUCT_BUNDLE_IDENTIFIER = "com.udacity.$(PRODUCT_NAME:rfc1034identifier)";
				PRODUCT_NAME = "$(TARGET_NAME)";
				TEST_HOST = "$(BUILT_PRODUCTS_DIR)/TheTiger.app/TheTiger";
			};
			name = Debug;
		};
		4D82F7DD1A3A1BE6004CF358 /* Release */ = {
			isa = XCBuildConfiguration;
			buildSettings = {
				BUNDLE_LOADER = "$(TEST_HOST)";
				FRAMEWORK_SEARCH_PATHS = (
					"$(SDKROOT)/Developer/Library/Frameworks",
					"$(inherited)",
				);
				INFOPLIST_FILE = TheTigerTests/Info.plist;
				LD_RUNPATH_SEARCH_PATHS = "$(inherited) @executable_path/Frameworks @loader_path/Frameworks";
				PRODUCT_BUNDLE_IDENTIFIER = "com.udacity.$(PRODUCT_NAME:rfc1034identifier)";
				PRODUCT_NAME = "$(TARGET_NAME)";
				TEST_HOST = "$(BUILT_PRODUCTS_DIR)/TheTiger.app/TheTiger";
			};
			name = Release;
		};
/* End XCBuildConfiguration section */

/* Begin XCConfigurationList section */
		4D82F7B41A3A1BE5004CF358 /* Build configuration list for PBXProject "TheTiger" */ = {
			isa = XCConfigurationList;
			buildConfigurations = (
				4D82F7D61A3A1BE6004CF358 /* Debug */,
				4D82F7D71A3A1BE6004CF358 /* Release */,
			);
			defaultConfigurationIsVisible = 0;
			defaultConfigurationName = Release;
		};
		4D82F7D81A3A1BE6004CF358 /* Build configuration list for PBXNativeTarget "TheTiger" */ = {
			isa = XCConfigurationList;
			buildConfigurations = (
				4D82F7D91A3A1BE6004CF358 /* Debug */,
				4D82F7DA1A3A1BE6004CF358 /* Release */,
			);
			defaultConfigurationIsVisible = 0;
			defaultConfigurationName = Release;
		};
		4D82F7DB1A3A1BE6004CF358 /* Build configuration list for PBXNativeTarget "TheTigerTests" */ = {
			isa = XCConfigurationList;
			buildConfigurations = (
				4D82F7DC1A3A1BE6004CF358 /* Debug */,
				4D82F7DD1A3A1BE6004CF358 /* Release */,
			);
			defaultConfigurationIsVisible = 0;
			defaultConfigurationName = Release;
		};
/* End XCConfigurationList section */
	};
	rootObject = 4D82F7B11A3A1BE5004CF358 /* Project object */;
}
