// !$*UTF8*$!
{
	archiveVersion = 1;
	classes = {
	};
	objectVersion = 46;
	objects = {

/* Begin PBXBuildFile section */
		ED73D6D31A41235C004ED2C2 /* AppDelegate.swift in Sources */ = {isa = PBXBuildFile; fileRef = ED73D6D21A41235C004ED2C2 /* AppDelegate.swift */; };
		ED73D6D51A41235C004ED2C2 /* DiceViewController.swift in Sources */ = {isa = PBXBuildFile; fileRef = ED73D6D41A41235C004ED2C2 /* DiceViewController.swift */; };
		ED73D6DA1A41235C004ED2C2 /* Images.xcassets in Resources */ = {isa = PBXBuildFile; fileRef = ED73D6D91A41235C004ED2C2 /* Images.xcassets */; };
		ED73D6DD1A41235C004ED2C2 /* LaunchScreen.xib in Resources */ = {isa = PBXBuildFile; fileRef = ED73D6DB1A41235C004ED2C2 /* LaunchScreen.xib */; };
		ED73D6F41A412507004ED2C2 /* Main.storyboard in Resources */ = {isa = PBXBuildFile; fileRef = ED73D6F21A412507004ED2C2 /* Main.storyboard */; };
		ED73D6F61A4126D2004ED2C2 /* RollViewController.swift in Sources */ = {isa = PBXBuildFile; fileRef = ED73D6F51A4126D2004ED2C2 /* RollViewController.swift */; };
/* End PBXBuildFile section */

/* Begin PBXFileReference section */
		ED73D6CD1A41235C004ED2C2 /* Dice Incomplete.app */ = {isa = PBXFileReference; explicitFileType = wrapper.application; includeInIndex = 0; path = "Dice Incomplete.app"; sourceTree = BUILT_PRODUCTS_DIR; };
		ED73D6D11A41235C004ED2C2 /* Info.plist */ = {isa = PBXFileReference; lastKnownFileType = text.plist.xml; path = Info.plist; sourceTree = "<group>"; };
		ED73D6D21A41235C004ED2C2 /* AppDelegate.swift */ = {isa = PBXFileReference; lastKnownFileType = sourcecode.swift; path = AppDelegate.swift; sourceTree = "<group>"; };
		ED73D6D41A41235C004ED2C2 /* DiceViewController.swift */ = {isa = PBXFileReference; lastKnownFileType = sourcecode.swift; path = DiceViewController.swift; sourceTree = "<group>"; };
		ED73D6D91A41235C004ED2C2 /* Images.xcassets */ = {isa = PBXFileReference; lastKnownFileType = folder.assetcatalog; path = Images.xcassets; sourceTree = "<group>"; };
		ED73D6DC1A41235C004ED2C2 /* Base */ = {isa = PBXFileReference; lastKnownFileType = file.xib; name = Base; path = Base.lproj/LaunchScreen.xib; sourceTree = "<group>"; };
		ED73D6F31A412507004ED2C2 /* Base */ = {isa = PBXFileReference; lastKnownFileType = file.storyboard; name = Base; path = Base.lproj/Main.storyboard; sourceTree = "<group>"; };
		ED73D6F51A4126D2004ED2C2 /* RollViewController.swift */ = {isa = PBXFileReference; fileEncoding = 4; lastKnownFileType = sourcecode.swift; path = RollViewController.swift; sourceTree = "<group>"; };
/* End PBXFileReference section */

/* Begin PBXFrameworksBuildPhase section */
		ED73D6CA1A41235C004ED2C2 /* Frameworks */ = {
			isa = PBXFrameworksBuildPhase;
			buildActionMask = 2147483647;
			files = (
			);
			runOnlyForDeploymentPostprocessing = 0;
		};
/* End PBXFrameworksBuildPhase section */

/* Begin PBXGroup section */
		ED73D6C41A41235C004ED2C2 = {
			isa = PBXGroup;
			children = (
				ED73D6CF1A41235C004ED2C2 /* Dice Incomplete */,
				ED73D6CE1A41235C004ED2C2 /* Products */,
			);
			sourceTree = "<group>";
		};
		ED73D6CE1A41235C004ED2C2 /* Products */ = {
			isa = PBXGroup;
			children = (
				ED73D6CD1A41235C004ED2C2 /* Dice Incomplete.app */,
			);
			name = Products;
			sourceTree = "<group>";
		};
		ED73D6CF1A41235C004ED2C2 /* Dice Incomplete */ = {
			isa = PBXGroup;
			children = (
				ED73D6D21A41235C004ED2C2 /* AppDelegate.swift */,
				ED73D6F51A4126D2004ED2C2 /* RollViewController.swift */,
				ED73D6D41A41235C004ED2C2 /* DiceViewController.swift */,
				ED73D6F21A412507004ED2C2 /* Main.storyboard */,
				ED73D6DB1A41235C004ED2C2 /* LaunchScreen.xib */,
				ED73D6D91A41235C004ED2C2 /* Images.xcassets */,
				ED73D6D01A41235C004ED2C2 /* Supporting Files */,
			);
			path = "Dice Incomplete";
			sourceTree = "<group>";
		};
		ED73D6D01A41235C004ED2C2 /* Supporting Files */ = {
			isa = PBXGroup;
			children = (
				ED73D6D11A41235C004ED2C2 /* Info.plist */,
			);
			name = "Supporting Files";
			sourceTree = "<group>";
		};
/* End PBXGroup section */

/* Begin PBXNativeTarget section */
		ED73D6CC1A41235C004ED2C2 /* Dice Incomplete */ = {
			isa = PBXNativeTarget;
			buildConfigurationList = ED73D6EC1A41235C004ED2C2 /* Build configuration list for PBXNativeTarget "Dice Incomplete" */;
			buildPhases = (
				ED73D6C91A41235C004ED2C2 /* Sources */,
				ED73D6CA1A41235C004ED2C2 /* Frameworks */,
				ED73D6CB1A41235C004ED2C2 /* Resources */,
			);
			buildRules = (
			);
			dependencies = (
			);
			name = "Dice Incomplete";
			productName = "Dice Incomplete";
			productReference = ED73D6CD1A41235C004ED2C2 /* Dice Incomplete.app */;
			productType = "com.apple.product-type.application";
		};
/* End PBXNativeTarget section */

/* Begin PBXProject section */
		ED73D6C51A41235C004ED2C2 /* Project object */ = {
			isa = PBXProject;
			attributes = {
				LastSwiftMigration = 0730;
				LastSwiftUpdateCheck = 0730;
				LastUpgradeCheck = 1020;
				ORGANIZATIONNAME = "Gabrielle Miller-Messner";
				TargetAttributes = {
					ED73D6CC1A41235C004ED2C2 = {
						CreatedOnToolsVersion = 6.1;
						LastSwiftMigration = 1020;
					};
				};
			};
			buildConfigurationList = ED73D6C81A41235C004ED2C2 /* Build configuration list for PBXProject "Dice Incomplete" */;
			compatibilityVersion = "Xcode 3.2";
			developmentRegion = en;
			hasScannedForEncodings = 0;
			knownRegions = (
				en,
				Base,
			);
			mainGroup = ED73D6C41A41235C004ED2C2;
			productRefGroup = ED73D6CE1A41235C004ED2C2 /* Products */;
			projectDirPath = "";
			projectRoot = "";
			targets = (
				ED73D6CC1A41235C004ED2C2 /* Dice Incomplete */,
			);
		};
/* End PBXProject section */

/* Begin PBXResourcesBuildPhase section */
		ED73D6CB1A41235C004ED2C2 /* Resources */ = {
			isa = PBXResourcesBuildPhase;
			buildActionMask = 2147483647;
			files = (
				ED73D6F41A412507004ED2C2 /* Main.storyboard in Resources */,
				ED73D6DD1A41235C004ED2C2 /* LaunchScreen.xib in Resources */,
				ED73D6DA1A41235C004ED2C2 /* Images.xcassets in Resources */,
			);
			runOnlyForDeploymentPostprocessing = 0;
		};
/* End PBXResourcesBuildPhase section */

/* Begin PBXSourcesBuildPhase section */
		ED73D6C91A41235C004ED2C2 /* Sources */ = {
			isa = PBXSourcesBuildPhase;
			buildActionMask = 2147483647;
			files = (
				ED73D6D51A41235C004ED2C2 /* DiceViewController.swift in Sources */,
				ED73D6F61A4126D2004ED2C2 /* RollViewController.swift in Sources */,
				ED73D6D31A41235C004ED2C2 /* AppDelegate.swift in Sources */,
			);
			runOnlyForDeploymentPostprocessing = 0;
		};
/* End PBXSourcesBuildPhase section */

/* Begin PBXVariantGroup section */
		ED73D6DB1A41235C004ED2C2 /* LaunchScreen.xib */ = {
			isa = PBXVariantGroup;
			children = (
				ED73D6DC1A41235C004ED2C2 /* Base */,
			);
			name = LaunchScreen.xib;
			sourceTree = "<group>";
		};
		ED73D6F21A412507004ED2C2 /* Main.storyboard */ = {
			isa = PBXVariantGroup;
			children = (
				ED73D6F31A412507004ED2C2 /* Base */,
			);
			name = Main.storyboard;
			sourceTree = "<group>";
		};
/* End PBXVariantGroup section */

/* Begin XCBuildConfiguration section */
		ED73D6EA1A41235C004ED2C2 /* Debug */ = {
			isa = XCBuildConfiguration;
			buildSettings = {
				ALWAYS_SEARCH_USER_PATHS = NO;
				CLANG_ANALYZER_LOCALIZABILITY_NONLOCALIZED = YES;
				CLANG_CXX_LANGUAGE_STANDARD = "gnu++0x";
				CLANG_CXX_LIBRARY = "libc++";
				CLANG_ENABLE_MODULES = YES;
				CLANG_ENABLE_OBJC_ARC = YES;
				CLANG_WARN_BLOCK_CAPTURE_AUTORELEASING = YES;
				CLANG_WARN_BOOL_CONVERSION = YES;
				CLANG_WARN_COMMA = YES;
				CLANG_WARN_CONSTANT_CONVERSION = YES;
				CLANG_WARN_DEPRECATED_OBJC_IMPLEMENTATIONS = YES;
				CLANG_WARN_DIRECT_OBJC_ISA_USAGE = YES_ERROR;
				CLANG_WARN_EMPTY_BODY = YES;
				CLANG_WARN_ENUM_CONVERSION = YES;
				CLANG_WARN_INFINITE_RECURSION = YES;
				CLANG_WARN_INT_CONVERSION = YES;
				CLANG_WARN_NON_LITERAL_NULL_CONVERSION = YES;
				CLANG_WARN_OBJC_IMPLICIT_RETAIN_SELF = YES;
				CLANG_WARN_OBJC_LITERAL_CONVERSION = YES;
				CLANG_WARN_OBJC_ROOT_CLASS = YES_ERROR;
				CLANG_WARN_RANGE_LOOP_ANALYSIS = YES;
				CLANG_WARN_STRICT_PROTOTYPES = YES;
				CLANG_WARN_SUSPICIOUS_MOVE = YES;
				CLANG_WARN_UNREACHABLE_CODE = YES;
				CLANG_WARN__DUPLICATE_METHOD_MATCH = YES;
				"CODE_SIGN_IDENTITY[sdk=iphoneos*]" = "iPhone Developer";
				COPY_PHASE_STRIP = NO;
				ENABLE_STRICT_OBJC_MSGSEND = YES;
				ENABLE_TESTABILITY = YES;
				GCC_C_LANGUAGE_STANDARD = gnu99;
				GCC_DYNAMIC_NO_PIC = NO;
				GCC_NO_COMMON_BLOCKS = YES;
				GCC_OPTIMIZATION_LEVEL = 0;
				GCC_PREPROCESSOR_DEFINITIONS = (
					"DEBUG=1",
					"$(inherited)",
				);
				GCC_SYMBOLS_PRIVATE_EXTERN = NO;
				GCC_WARN_64_TO_32_BIT_CONVERSION = YES;
				GCC_WARN_ABOUT_RETURN_TYPE = YES_ERROR;
				GCC_WARN_UNDECLARED_SELECTOR = YES;
				GCC_WARN_UNINITIALIZED_AUTOS = YES_AGGRESSIVE;
				GCC_WARN_UNUSED_FUNCTION = YES;
				GCC_WARN_UNUSED_VARIABLE = YES;
				IPHONEOS_DEPLOYMENT_TARGET = 8.1;
				MTL_ENABLE_DEBUG_INFO = YES;
				ONLY_ACTIVE_ARCH = YES;
				SDKROOT = iphoneos;
				SWIFT_OPTIMIZATION_LEVEL = "-Onone";
			};
			name = Debug;
		};
		ED73D6EB1A41235C004ED2C2 /* Release */ = {
			isa = XCBuildConfiguration;
			buildSettings = {
				ALWAYS_SEARCH_USER_PATHS = NO;
				CLANG_ANALYZER_LOCALIZABILITY_NONLOCALIZED = YES;
				CLANG_CXX_LANGUAGE_STANDARD = "gnu++0x";
				CLANG_CXX_LIBRARY = "libc++";
				CLANG_ENABLE_MODULES = YES;
				CLANG_ENABLE_OBJC_ARC = YES;
				CLANG_WARN_BLOCK_CAPTURE_AUTORELEASING = YES;
				CLANG_WARN_BOOL_CONVERSION = YES;
				CLANG_WARN_COMMA = YES;
				CLANG_WARN_CONSTANT_CONVERSION = YES;
				CLANG_WARN_DEPRECATED_OBJC_IMPLEMENTATIONS = YES;
				CLANG_WARN_DIRECT_OBJC_ISA_USAGE = YES_ERROR;
				CLANG_WARN_EMPTY_BODY = YES;
				CLANG_WARN_ENUM_CONVERSION = YES;
				CLANG_WARN_INFINITE_RECURSION = YES;
				CLANG_WARN_INT_CONVERSION = YES;
				CLANG_WARN_NON_LITERAL_NULL_CONVERSION = YES;
				CLANG_WARN_OBJC_IMPLICIT_RETAIN_SELF = YES;
				CLANG_WARN_OBJC_LITERAL_CONVERSION = YES;
				CLANG_WARN_OBJC_ROOT_CLASS = YES_ERROR;
				CLANG_WARN_RANGE_LOOP_ANALYSIS = YES;
				CLANG_WARN_STRICT_PROTOTYPES = YES;
				CLANG_WARN_SUSPICIOUS_MOVE = YES;
				CLANG_WARN_UNREACHABLE_CODE = YES;
				CLANG_WARN__DUPLICATE_METHOD_MATCH = YES;
				"CODE_SIGN_IDENTITY[sdk=iphoneos*]" = "iPhone Developer";
				COPY_PHASE_STRIP = YES;
				ENABLE_NS_ASSERTIONS = NO;
				ENABLE_STRICT_OBJC_MSGSEND = YES;
				GCC_C_LANGUAGE_STANDARD = gnu99;
				GCC_NO_COMMON_BLOCKS = YES;
				GCC_WARN_64_TO_32_BIT_CONVERSION = YES;
				GCC_WARN_ABOUT_RETURN_TYPE = YES_ERROR;
				GCC_WARN_UNDECLARED_SELECTOR = YES;
				GCC_WARN_UNINITIALIZED_AUTOS = YES_AGGRESSIVE;
				GCC_WARN_UNUSED_FUNCTION = YES;
				GCC_WARN_UNUSED_VARIABLE = YES;
				IPHONEOS_DEPLOYMENT_TARGET = 8.1;
				MTL_ENABLE_DEBUG_INFO = NO;
				SDKROOT = iphoneos;
				VALIDATE_PRODUCT = YES;
			};
			name = Release;
		};
		ED73D6ED1A41235C004ED2C2 /* Debug */ = {
			isa = XCBuildConfiguration;
			buildSettings = {
				ASSETCATALOG_COMPILER_APPICON_NAME = AppIcon;
				INFOPLIST_FILE = "Dice Incomplete/Info.plist";
				LD_RUNPATH_SEARCH_PATHS = "$(inherited) @executable_path/Frameworks";
				PRODUCT_BUNDLE_IDENTIFIER = "Udacity.$(PRODUCT_NAME:rfc1034identifier)";
				PRODUCT_NAME = "$(TARGET_NAME)";
				SWIFT_VERSION = 5.0;
			};
			name = Debug;
		};
		ED73D6EE1A41235C004ED2C2 /* Release */ = {
			isa = XCBuildConfiguration;
			buildSettings = {
				ASSETCATALOG_COMPILER_APPICON_NAME = AppIcon;
				INFOPLIST_FILE = "Dice Incomplete/Info.plist";
				LD_RUNPATH_SEARCH_PATHS = "$(inherited) @executable_path/Frameworks";
				PRODUCT_BUNDLE_IDENTIFIER = "Udacity.$(PRODUCT_NAME:rfc1034identifier)";
				PRODUCT_NAME = "$(TARGET_NAME)";
				SWIFT_OPTIMIZATION_LEVEL = "-Owholemodule";
				SWIFT_VERSION = 5.0;
			};
			name = Release;
		};
/* End XCBuildConfiguration section */

/* Begin XCConfigurationList section */
		ED73D6C81A41235C004ED2C2 /* Build configuration list for PBXProject "Dice Incomplete" */ = {
			isa = XCConfigurationList;
			buildConfigurations = (
				ED73D6EA1A41235C004ED2C2 /* Debug */,
				ED73D6EB1A41235C004ED2C2 /* Release */,
			);
			defaultConfigurationIsVisible = 0;
			defaultConfigurationName = Release;
		};
		ED73D6EC1A41235C004ED2C2 /* Build configuration list for PBXNativeTarget "Dice Incomplete" */ = {
			isa = XCConfigurationList;
			buildConfigurations = (
				ED73D6ED1A41235C004ED2C2 /* Debug */,
				ED73D6EE1A41235C004ED2C2 /* Release */,
			);
			defaultConfigurationIsVisible = 0;
			defaultConfigurationName = Release;
		};
/* End XCConfigurationList section */
	};
	rootObject = ED73D6C51A41235C004ED2C2 /* Project object */;
}
