// !$*UTF8*$!
{
	archiveVersion = 1;
	classes = {
	};
	objectVersion = 46;
	objects = {

/* Begin PBXBuildFile section */
		4D04CC021A1D1E5700FAB0D8 /* AppDelegate.swift in Sources */ = {isa = PBXBuildFile; fileRef = 4D04CC011A1D1E5700FAB0D8 /* AppDelegate.swift */; };
		4D04CC041A1D1E5700FAB0D8 /* ViewController.swift in Sources */ = {isa = PBXBuildFile; fileRef = 4D04CC031A1D1E5700FAB0D8 /* ViewController.swift */; };
		4D04CC071A1D1E5700FAB0D8 /* Main.storyboard in Resources */ = {isa = PBXBuildFile; fileRef = 4D04CC051A1D1E5700FAB0D8 /* Main.storyboard */; };
		4D04CC091A1D1E5700FAB0D8 /* Images.xcassets in Resources */ = {isa = PBXBuildFile; fileRef = 4D04CC081A1D1E5700FAB0D8 /* Images.xcassets */; };
		4D04CC0C1A1D1E5700FAB0D8 /* LaunchScreen.xib in Resources */ = {isa = PBXBuildFile; fileRef = 4D04CC0A1A1D1E5700FAB0D8 /* LaunchScreen.xib */; };
		4D04CC181A1D1E5700FAB0D8 /* BondVillainsTests.swift in Sources */ = {isa = PBXBuildFile; fileRef = 4D04CC171A1D1E5700FAB0D8 /* BondVillainsTests.swift */; };
		4D04CC221A1D261800FAB0D8 /* Villain.swift in Sources */ = {isa = PBXBuildFile; fileRef = 4D04CC211A1D261800FAB0D8 /* Villain.swift */; };
		4D1828D81A3BCDD5005D80E9 /* VillainDetailViewController.swift in Sources */ = {isa = PBXBuildFile; fileRef = 4D1828D71A3BCDD5005D80E9 /* VillainDetailViewController.swift */; };
/* End PBXBuildFile section */

/* Begin PBXContainerItemProxy section */
		4D04CC121A1D1E5700FAB0D8 /* PBXContainerItemProxy */ = {
			isa = PBXContainerItemProxy;
			containerPortal = 4D04CBF41A1D1E5700FAB0D8 /* Project object */;
			proxyType = 1;
			remoteGlobalIDString = 4D04CBFB1A1D1E5700FAB0D8;
			remoteInfo = BondVillains;
		};
/* End PBXContainerItemProxy section */

/* Begin PBXFileReference section */
		4D04CBFC1A1D1E5700FAB0D8 /* BondVillains.app */ = {isa = PBXFileReference; explicitFileType = wrapper.application; includeInIndex = 0; path = BondVillains.app; sourceTree = BUILT_PRODUCTS_DIR; };
		4D04CC001A1D1E5700FAB0D8 /* Info.plist */ = {isa = PBXFileReference; lastKnownFileType = text.plist.xml; path = Info.plist; sourceTree = "<group>"; };
		4D04CC011A1D1E5700FAB0D8 /* AppDelegate.swift */ = {isa = PBXFileReference; lastKnownFileType = sourcecode.swift; path = AppDelegate.swift; sourceTree = "<group>"; };
		4D04CC031A1D1E5700FAB0D8 /* ViewController.swift */ = {isa = PBXFileReference; lastKnownFileType = sourcecode.swift; path = ViewController.swift; sourceTree = "<group>"; };
		4D04CC061A1D1E5700FAB0D8 /* Base */ = {isa = PBXFileReference; lastKnownFileType = file.storyboard; name = Base; path = Base.lproj/Main.storyboard; sourceTree = "<group>"; };
		4D04CC081A1D1E5700FAB0D8 /* Images.xcassets */ = {isa = PBXFileReference; lastKnownFileType = folder.assetcatalog; path = Images.xcassets; sourceTree = "<group>"; };
		4D04CC0B1A1D1E5700FAB0D8 /* Base */ = {isa = PBXFileReference; lastKnownFileType = file.xib; name = Base; path = Base.lproj/LaunchScreen.xib; sourceTree = "<group>"; };
		4D04CC111A1D1E5700FAB0D8 /* BondVillainsTests.xctest */ = {isa = PBXFileReference; explicitFileType = wrapper.cfbundle; includeInIndex = 0; path = BondVillainsTests.xctest; sourceTree = BUILT_PRODUCTS_DIR; };
		4D04CC161A1D1E5700FAB0D8 /* Info.plist */ = {isa = PBXFileReference; lastKnownFileType = text.plist.xml; path = Info.plist; sourceTree = "<group>"; };
		4D04CC171A1D1E5700FAB0D8 /* BondVillainsTests.swift */ = {isa = PBXFileReference; lastKnownFileType = sourcecode.swift; path = BondVillainsTests.swift; sourceTree = "<group>"; };
		4D04CC211A1D261800FAB0D8 /* Villain.swift */ = {isa = PBXFileReference; fileEncoding = 4; lastKnownFileType = sourcecode.swift; path = Villain.swift; sourceTree = "<group>"; };
		4D1828D71A3BCDD5005D80E9 /* VillainDetailViewController.swift */ = {isa = PBXFileReference; fileEncoding = 4; lastKnownFileType = sourcecode.swift; path = VillainDetailViewController.swift; sourceTree = "<group>"; };
/* End PBXFileReference section */

/* Begin PBXFrameworksBuildPhase section */
		4D04CBF91A1D1E5700FAB0D8 /* Frameworks */ = {
			isa = PBXFrameworksBuildPhase;
			buildActionMask = 2147483647;
			files = (
			);
			runOnlyForDeploymentPostprocessing = 0;
		};
		4D04CC0E1A1D1E5700FAB0D8 /* Frameworks */ = {
			isa = PBXFrameworksBuildPhase;
			buildActionMask = 2147483647;
			files = (
			);
			runOnlyForDeploymentPostprocessing = 0;
		};
/* End PBXFrameworksBuildPhase section */

/* Begin PBXGroup section */
		4D04CBF31A1D1E5700FAB0D8 = {
			isa = PBXGroup;
			children = (
				4D04CBFE1A1D1E5700FAB0D8 /* BondVillains */,
				4D04CC141A1D1E5700FAB0D8 /* BondVillainsTests */,
				4D04CBFD1A1D1E5700FAB0D8 /* Products */,
			);
			sourceTree = "<group>";
		};
		4D04CBFD1A1D1E5700FAB0D8 /* Products */ = {
			isa = PBXGroup;
			children = (
				4D04CBFC1A1D1E5700FAB0D8 /* BondVillains.app */,
				4D04CC111A1D1E5700FAB0D8 /* BondVillainsTests.xctest */,
			);
			name = Products;
			sourceTree = "<group>";
		};
		4D04CBFE1A1D1E5700FAB0D8 /* BondVillains */ = {
			isa = PBXGroup;
			children = (
				4D04CC031A1D1E5700FAB0D8 /* ViewController.swift */,
				4D1828D71A3BCDD5005D80E9 /* VillainDetailViewController.swift */,
				4D04CC211A1D261800FAB0D8 /* Villain.swift */,
				4D04CC011A1D1E5700FAB0D8 /* AppDelegate.swift */,
				4D04CC051A1D1E5700FAB0D8 /* Main.storyboard */,
				4D04CC081A1D1E5700FAB0D8 /* Images.xcassets */,
				4D04CC0A1A1D1E5700FAB0D8 /* LaunchScreen.xib */,
				4D04CBFF1A1D1E5700FAB0D8 /* Supporting Files */,
			);
			path = BondVillains;
			sourceTree = "<group>";
		};
		4D04CBFF1A1D1E5700FAB0D8 /* Supporting Files */ = {
			isa = PBXGroup;
			children = (
				4D04CC001A1D1E5700FAB0D8 /* Info.plist */,
			);
			name = "Supporting Files";
			sourceTree = "<group>";
		};
		4D04CC141A1D1E5700FAB0D8 /* BondVillainsTests */ = {
			isa = PBXGroup;
			children = (
				4D04CC171A1D1E5700FAB0D8 /* BondVillainsTests.swift */,
				4D04CC151A1D1E5700FAB0D8 /* Supporting Files */,
			);
			path = BondVillainsTests;
			sourceTree = "<group>";
		};
		4D04CC151A1D1E5700FAB0D8 /* Supporting Files */ = {
			isa = PBXGroup;
			children = (
				4D04CC161A1D1E5700FAB0D8 /* Info.plist */,
			);
			name = "Supporting Files";
			sourceTree = "<group>";
		};
/* End PBXGroup section */

/* Begin PBXNativeTarget section */
		4D04CBFB1A1D1E5700FAB0D8 /* BondVillains */ = {
			isa = PBXNativeTarget;
			buildConfigurationList = 4D04CC1B1A1D1E5700FAB0D8 /* Build configuration list for PBXNativeTarget "BondVillains" */;
			buildPhases = (
				4D04CBF81A1D1E5700FAB0D8 /* Sources */,
				4D04CBF91A1D1E5700FAB0D8 /* Frameworks */,
				4D04CBFA1A1D1E5700FAB0D8 /* Resources */,
			);
			buildRules = (
			);
			dependencies = (
			);
			name = BondVillains;
			productName = BondVillains;
			productReference = 4D04CBFC1A1D1E5700FAB0D8 /* BondVillains.app */;
			productType = "com.apple.product-type.application";
		};
		4D04CC101A1D1E5700FAB0D8 /* BondVillainsTests */ = {
			isa = PBXNativeTarget;
			buildConfigurationList = 4D04CC1E1A1D1E5700FAB0D8 /* Build configuration list for PBXNativeTarget "BondVillainsTests" */;
			buildPhases = (
				4D04CC0D1A1D1E5700FAB0D8 /* Sources */,
				4D04CC0E1A1D1E5700FAB0D8 /* Frameworks */,
				4D04CC0F1A1D1E5700FAB0D8 /* Resources */,
			);
			buildRules = (
			);
			dependencies = (
				4D04CC131A1D1E5700FAB0D8 /* PBXTargetDependency */,
			);
			name = BondVillainsTests;
			productName = BondVillainsTests;
			productReference = 4D04CC111A1D1E5700FAB0D8 /* BondVillainsTests.xctest */;
			productType = "com.apple.product-type.bundle.unit-test";
		};
/* End PBXNativeTarget section */

/* Begin PBXProject section */
		4D04CBF41A1D1E5700FAB0D8 /* Project object */ = {
			isa = PBXProject;
			attributes = {
				LastSwiftUpdateCheck = 0700;
				LastUpgradeCheck = 0730;
				ORGANIZATIONNAME = Udacity;
				TargetAttributes = {
					4D04CBFB1A1D1E5700FAB0D8 = {
						CreatedOnToolsVersion = 6.1;
					};
					4D04CC101A1D1E5700FAB0D8 = {
						CreatedOnToolsVersion = 6.1;
						TestTargetID = 4D04CBFB1A1D1E5700FAB0D8;
					};
				};
			};
			buildConfigurationList = 4D04CBF71A1D1E5700FAB0D8 /* Build configuration list for PBXProject "BondVillains" */;
			compatibilityVersion = "Xcode 3.2";
			developmentRegion = English;
			hasScannedForEncodings = 0;
			knownRegions = (
				en,
				Base,
			);
			mainGroup = 4D04CBF31A1D1E5700FAB0D8;
			productRefGroup = 4D04CBFD1A1D1E5700FAB0D8 /* Products */;
			projectDirPath = "";
			projectRoot = "";
			targets = (
				4D04CBFB1A1D1E5700FAB0D8 /* BondVillains */,
				4D04CC101A1D1E5700FAB0D8 /* BondVillainsTests */,
			);
		};
/* End PBXProject section */

/* Begin PBXResourcesBuildPhase section */
		4D04CBFA1A1D1E5700FAB0D8 /* Resources */ = {
			isa = PBXResourcesBuildPhase;
			buildActionMask = 2147483647;
			files = (
				4D04CC071A1D1E5700FAB0D8 /* Main.storyboard in Resources */,
				4D04CC0C1A1D1E5700FAB0D8 /* LaunchScreen.xib in Resources */,
				4D04CC091A1D1E5700FAB0D8 /* Images.xcassets in Resources */,
			);
			runOnlyForDeploymentPostprocessing = 0;
		};
		4D04CC0F1A1D1E5700FAB0D8 /* Resources */ = {
			isa = PBXResourcesBuildPhase;
			buildActionMask = 2147483647;
			files = (
			);
			runOnlyForDeploymentPostprocessing = 0;
		};
/* End PBXResourcesBuildPhase section */

/* Begin PBXSourcesBuildPhase section */
		4D04CBF81A1D1E5700FAB0D8 /* Sources */ = {
			isa = PBXSourcesBuildPhase;
			buildActionMask = 2147483647;
			files = (
				4D04CC041A1D1E5700FAB0D8 /* ViewController.swift in Sources */,
				4D04CC021A1D1E5700FAB0D8 /* AppDelegate.swift in Sources */,
				4D04CC221A1D261800FAB0D8 /* Villain.swift in Sources */,
				4D1828D81A3BCDD5005D80E9 /* VillainDetailViewController.swift in Sources */,
			);
			runOnlyForDeploymentPostprocessing = 0;
		};
		4D04CC0D1A1D1E5700FAB0D8 /* Sources */ = {
			isa = PBXSourcesBuildPhase;
			buildActionMask = 2147483647;
			files = (
				4D04CC181A1D1E5700FAB0D8 /* BondVillainsTests.swift in Sources */,
			);
			runOnlyForDeploymentPostprocessing = 0;
		};
/* End PBXSourcesBuildPhase section */

/* Begin PBXTargetDependency section */
		4D04CC131A1D1E5700FAB0D8 /* PBXTargetDependency */ = {
			isa = PBXTargetDependency;
			target = 4D04CBFB1A1D1E5700FAB0D8 /* BondVillains */;
			targetProxy = 4D04CC121A1D1E5700FAB0D8 /* PBXContainerItemProxy */;
		};
/* End PBXTargetDependency section */

/* Begin PBXVariantGroup section */
		4D04CC051A1D1E5700FAB0D8 /* Main.storyboard */ = {
			isa = PBXVariantGroup;
			children = (
				4D04CC061A1D1E5700FAB0D8 /* Base */,
			);
			name = Main.storyboard;
			sourceTree = "<group>";
		};
		4D04CC0A1A1D1E5700FAB0D8 /* LaunchScreen.xib */ = {
			isa = PBXVariantGroup;
			children = (
				4D04CC0B1A1D1E5700FAB0D8 /* Base */,
			);
			name = LaunchScreen.xib;
			sourceTree = "<group>";
		};
/* End PBXVariantGroup section */

/* Begin XCBuildConfiguration section */
		4D04CC191A1D1E5700FAB0D8 /* Debug */ = {
			isa = XCBuildConfiguration;
			buildSettings = {
				ALWAYS_SEARCH_USER_PATHS = NO;
				CLANG_CXX_LANGUAGE_STANDARD = "gnu++0x";
				CLANG_CXX_LIBRARY = "libc++";
				CLANG_ENABLE_MODULES = YES;
				CLANG_ENABLE_OBJC_ARC = YES;
				CLANG_WARN_BOOL_CONVERSION = YES;
				CLANG_WARN_CONSTANT_CONVERSION = YES;
				CLANG_WARN_DIRECT_OBJC_ISA_USAGE = YES_ERROR;
				CLANG_WARN_EMPTY_BODY = YES;
				CLANG_WARN_ENUM_CONVERSION = YES;
				CLANG_WARN_INT_CONVERSION = YES;
				CLANG_WARN_OBJC_ROOT_CLASS = YES_ERROR;
				CLANG_WARN_UNREACHABLE_CODE = YES;
				CLANG_WARN__DUPLICATE_METHOD_MATCH = YES;
				"CODE_SIGN_IDENTITY[sdk=iphoneos*]" = "iPhone Developer";
				COPY_PHASE_STRIP = NO;
				ENABLE_STRICT_OBJC_MSGSEND = YES;
				ENABLE_TESTABILITY = YES;
				GCC_C_LANGUAGE_STANDARD = gnu99;
				GCC_DYNAMIC_NO_PIC = NO;
				GCC_OPTIMIZATION_LEVEL = 0;
				GCC_PREPROCESSOR_DEFINITIONS = (
					"DEBUG=1",
					"$(inherited)",
				);
				GCC_SYMBOLS_PRIVATE_EXTERN = NO;
				GCC_WARN_64_TO_32_BIT_CONVERSION = YES;
				GCC_WARN_ABOUT_RETURN_TYPE = YES_ERROR;
				GCC_WARN_UNDECLARED_SELECTOR = YES;
				GCC_WARN_UNINITIALIZED_AUTOS = YES_AGGRESSIVE;
				GCC_WARN_UNUSED_FUNCTION = YES;
				GCC_WARN_UNUSED_VARIABLE = YES;
				IPHONEOS_DEPLOYMENT_TARGET = 8.1;
				MTL_ENABLE_DEBUG_INFO = YES;
				ONLY_ACTIVE_ARCH = YES;
				SDKROOT = iphoneos;
				SWIFT_OPTIMIZATION_LEVEL = "-Onone";
			};
			name = Debug;
		};
		4D04CC1A1A1D1E5700FAB0D8 /* Release */ = {
			isa = XCBuildConfiguration;
			buildSettings = {
				ALWAYS_SEARCH_USER_PATHS = NO;
				CLANG_CXX_LANGUAGE_STANDARD = "gnu++0x";
				CLANG_CXX_LIBRARY = "libc++";
				CLANG_ENABLE_MODULES = YES;
				CLANG_ENABLE_OBJC_ARC = YES;
				CLANG_WARN_BOOL_CONVERSION = YES;
				CLANG_WARN_CONSTANT_CONVERSION = YES;
				CLANG_WARN_DIRECT_OBJC_ISA_USAGE = YES_ERROR;
				CLANG_WARN_EMPTY_BODY = YES;
				CLANG_WARN_ENUM_CONVERSION = YES;
				CLANG_WARN_INT_CONVERSION = YES;
				CLANG_WARN_OBJC_ROOT_CLASS = YES_ERROR;
				CLANG_WARN_UNREACHABLE_CODE = YES;
				CLANG_WARN__DUPLICATE_METHOD_MATCH = YES;
				"CODE_SIGN_IDENTITY[sdk=iphoneos*]" = "iPhone Developer";
				COPY_PHASE_STRIP = YES;
				ENABLE_NS_ASSERTIONS = NO;
				ENABLE_STRICT_OBJC_MSGSEND = YES;
				GCC_C_LANGUAGE_STANDARD = gnu99;
				GCC_WARN_64_TO_32_BIT_CONVERSION = YES;
				GCC_WARN_ABOUT_RETURN_TYPE = YES_ERROR;
				GCC_WARN_UNDECLARED_SELECTOR = YES;
				GCC_WARN_UNINITIALIZED_AUTOS = YES_AGGRESSIVE;
				GCC_WARN_UNUSED_FUNCTION = YES;
				GCC_WARN_UNUSED_VARIABLE = YES;
				IPHONEOS_DEPLOYMENT_TARGET = 8.1;
				MTL_ENABLE_DEBUG_INFO = NO;
				SDKROOT = iphoneos;
				VALIDATE_PRODUCT = YES;
			};
			name = Release;
		};
		4D04CC1C1A1D1E5700FAB0D8 /* Debug */ = {
			isa = XCBuildConfiguration;
			buildSettings = {
				ASSETCATALOG_COMPILER_APPICON_NAME = AppIcon;
				INFOPLIST_FILE = BondVillains/Info.plist;
				LD_RUNPATH_SEARCH_PATHS = "$(inherited) @executable_path/Frameworks";
				PRODUCT_BUNDLE_IDENTIFIER = "UD.$(PRODUCT_NAME:rfc1034identifier)";
				PRODUCT_NAME = "$(TARGET_NAME)";
			};
			name = Debug;
		};
		4D04CC1D1A1D1E5700FAB0D8 /* Release */ = {
			isa = XCBuildConfiguration;
			buildSettings = {
				ASSETCATALOG_COMPILER_APPICON_NAME = AppIcon;
				INFOPLIST_FILE = BondVillains/Info.plist;
				LD_RUNPATH_SEARCH_PATHS = "$(inherited) @executable_path/Frameworks";
				PRODUCT_BUNDLE_IDENTIFIER = "UD.$(PRODUCT_NAME:rfc1034identifier)";
				PRODUCT_NAME = "$(TARGET_NAME)";
			};
			name = Release;
		};
		4D04CC1F1A1D1E5700FAB0D8 /* Debug */ = {
			isa = XCBuildConfiguration;
			buildSettings = {
				BUNDLE_LOADER = "$(TEST_HOST)";
				FRAMEWORK_SEARCH_PATHS = (
					"$(SDKROOT)/Developer/Library/Frameworks",
					"$(inherited)",
				);
				GCC_PREPROCESSOR_DEFINITIONS = (
					"DEBUG=1",
					"$(inherited)",
				);
				INFOPLIST_FILE = BondVillainsTests/Info.plist;
				LD_RUNPATH_SEARCH_PATHS = "$(inherited) @executable_path/Frameworks @loader_path/Frameworks";
				PRODUCT_BUNDLE_IDENTIFIER = "UD.$(PRODUCT_NAME:rfc1034identifier)";
				PRODUCT_NAME = "$(TARGET_NAME)";
				TEST_HOST = "$(BUILT_PRODUCTS_DIR)/BondVillains.app/BondVillains";
			};
			name = Debug;
		};
		4D04CC201A1D1E5700FAB0D8 /* Release */ = {
			isa = XCBuildConfiguration;
			buildSettings = {
				BUNDLE_LOADER = "$(TEST_HOST)";
				FRAMEWORK_SEARCH_PATHS = (
					"$(SDKROOT)/Developer/Library/Frameworks",
					"$(inherited)",
				);
				INFOPLIST_FILE = BondVillainsTests/Info.plist;
				LD_RUNPATH_SEARCH_PATHS = "$(inherited) @executable_path/Frameworks @loader_path/Frameworks";
				PRODUCT_BUNDLE_IDENTIFIER = "UD.$(PRODUCT_NAME:rfc1034identifier)";
				PRODUCT_NAME = "$(TARGET_NAME)";
				TEST_HOST = "$(BUILT_PRODUCTS_DIR)/BondVillains.app/BondVillains";
			};
			name = Release;
		};
/* End XCBuildConfiguration section */

/* Begin XCConfigurationList section */
		4D04CBF71A1D1E5700FAB0D8 /* Build configuration list for PBXProject "BondVillains" */ = {
			isa = XCConfigurationList;
			buildConfigurations = (
				4D04CC191A1D1E5700FAB0D8 /* Debug */,
				4D04CC1A1A1D1E5700FAB0D8 /* Release */,
			);
			defaultConfigurationIsVisible = 0;
			defaultConfigurationName = Release;
		};
		4D04CC1B1A1D1E5700FAB0D8 /* Build configuration list for PBXNativeTarget "BondVillains" */ = {
			isa = XCConfigurationList;
			buildConfigurations = (
				4D04CC1C1A1D1E5700FAB0D8 /* Debug */,
				4D04CC1D1A1D1E5700FAB0D8 /* Release */,
			);
			defaultConfigurationIsVisible = 0;
			defaultConfigurationName = Release;
		};
		4D04CC1E1A1D1E5700FAB0D8 /* Build configuration list for PBXNativeTarget "BondVillainsTests" */ = {
			isa = XCConfigurationList;
			buildConfigurations = (
				4D04CC1F1A1D1E5700FAB0D8 /* Debug */,
				4D04CC201A1D1E5700FAB0D8 /* Release */,
			);
			defaultConfigurationIsVisible = 0;
			defaultConfigurationName = Release;
		};
/* End XCConfigurationList section */
	};
	rootObject = 4D04CBF41A1D1E5700FAB0D8 /* Project object */;
}
